
Microsoft Visual Studio Solution File, Format Version 12.00
# Visual Studio Version 17
VisualStudioVersion = 17.3.32804.467
MinimumVisualStudioVersion = 10.0.40219.1
Project("{8BC9CEB8-8B4A-11D0-8D11-00A0C91BC942}") = "driver", "driver\driver.vcxproj", "{4FBD825A-E7AF-43B0-BCB2-CBE113892A31}"
EndProject
Global
	GlobalSection(SolutionConfigurationPlatforms) = preSolution
		Debug|ARM64 = Debug|ARM64
		Debug|x64 = Debug|x64
		Release|ARM64 = Release|ARM64
		Release|x64 = Release|x64
	EndGlobalSection
	GlobalSection(ProjectConfigurationPlatforms) = postSolution
		{4FBD825A-E7AF-43B0-BCB2-CBE113892A31}.Debug|ARM64.ActiveCfg = Debug|ARM64
		{4FBD825A-E7AF-43B0-BCB2-CBE113892A31}.Debug|ARM64.Build.0 = Debug|ARM64
		{4FBD825A-E7AF-43B0-BCB2-CBE113892A31}.Debug|ARM64.Deploy.0 = Debug|ARM64
		{4FBD825A-E7AF-43B0-BCB2-CBE113892A31}.Debug|x64.ActiveCfg = Debug|x64
		{4FBD825A-E7AF-43B0-BCB2-CBE113892A31}.Debug|x64.Build.0 = Debug|x64
		{4FBD825A-E7AF-43B0-BCB2-CBE113892A31}.Debug|x64.Deploy.0 = Debug|x64
		{4FBD825A-E7AF-43B0-BCB2-CBE113892A31}.Release|ARM64.ActiveCfg = Release|ARM64
		{4FBD825A-E7AF-43B0-BCB2-CBE113892A31}.Release|ARM64.Build.0 = Release|ARM64
		{4FBD825A-E7AF-43B0-BCB2-CBE113892A31}.Release|ARM64.Deploy.0 = Release|ARM64
		{4FBD825A-E7AF-43B0-BCB2-CBE113892A31}.Release|x64.ActiveCfg = Release|x64
		{4FBD825A-E7AF-43B0-BCB2-CBE113892A31}.Release|x64.Build.0 = Release|x64
		{4FBD825A-E7AF-43B0-BCB2-CBE113892A31}.Release|x64.Deploy.0 = Release|x64
	EndGlobalSection
	GlobalSection(SolutionProperties) = preSolution
		HideSolutionNode = FALSE
	EndGlobalSection
	GlobalSection(ExtensibilityGlobals) = postSolution
		SolutionGuid = {33052199-A8DF-4837-99CF-8A5FFD554DB0}
	EndGlobalSection
EndGlobal
